
Microsoft Visual Studio Solution File, Format Version 12.00
# Visual Studio Version 17
VisualStudioVersion = 17.1.32210.238
MinimumVisualStudioVersion = 10.0.40219.1
Project("{9A19103F-16F7-4668-BE54-9A1E7A4F7556}") = "TourPlanner_Ortner_Szuesz", "TourPlanner_Ortner_Szuesz\TourPlanner_Ortner_Szuesz.csproj", "{E874E29D-7B45-408A-ADB2-34F9D7DAA624}"
EndProject
Project("{9A19103F-16F7-4668-BE54-9A1E7A4F7556}") = "TourPlanner_Ortner_Szuesz.Models", "TourPlanner_Ortner_Szuesz.Models\TourPlanner_Ortner_Szuesz.Models.csproj", "{2C9C9465-25E4-4FBC-92F6-63DAE74F465D}"
EndProject
Project("{9A19103F-16F7-4668-BE54-9A1E7A4F7556}") = "TourPlanner_Ortner_Szuesz.DAL", "TourPlanner_Ortner_Szuesz.DAL\TourPlanner_Ortner_Szuesz.DAL.csproj", "{C67E4937-BC11-455C-A32B-B8F388EAE7D4}"
EndProject
Project("{9A19103F-16F7-4668-BE54-9A1E7A4F7556}") = "TourPlanner_Ortner_Szuesz.BL", "TourPlanner_Ortner_Szuesz.BL\TourPlanner_Ortner_Szuesz.BL.csproj", "{7DC93E51-FC30-4A97-A07A-85BC43B1CF7E}"
EndProject
Project("{9A19103F-16F7-4668-BE54-9A1E7A4F7556}") = "TourPlanner_Ortner_Szuesz.Tests", "TourPlanner_Ortner_Szuesz.Tests\TourPlanner_Ortner_Szuesz.Tests.csproj", "{9B7674E4-4F8A-41DA-A0EA-CAF0CCC59311}"
EndProject
Project("{9A19103F-16F7-4668-BE54-9A1E7A4F7556}") = "TourPlanner_Ortner_Szuesz.DAL.SqlServer", "TourPlanner_Ortner_Szuesz.DAL.SqlServer\TourPlanner_Ortner_Szuesz.DAL.SqlServer.csproj", "{6D9FBAB4-E5EA-4491-8670-BA4CDB8001E9}"
EndProject
Project("{FAE04EC0-301F-11D3-BF4B-00C04F79EFBC}") = "TourPlanner_Ortner_Szuesz.DAL.REST", "TourPlanner_Ortner_Szuesz.DAL.REST\TourPlanner_Ortner_Szuesz.DAL.REST.csproj", "{4E554EAE-9985-43CC-B1B2-E8990C6A5F34}"
EndProject
Global
	GlobalSection(SolutionConfigurationPlatforms) = preSolution
		Debug|Any CPU = Debug|Any CPU
		Release|Any CPU = Release|Any CPU
	EndGlobalSection
	GlobalSection(ProjectConfigurationPlatforms) = postSolution
		{E874E29D-7B45-408A-ADB2-34F9D7DAA624}.Debug|Any CPU.ActiveCfg = Debug|Any CPU
		{E874E29D-7B45-408A-ADB2-34F9D7DAA624}.Debug|Any CPU.Build.0 = Debug|Any CPU
		{E874E29D-7B45-408A-ADB2-34F9D7DAA624}.Release|Any CPU.ActiveCfg = Release|Any CPU
		{E874E29D-7B45-408A-ADB2-34F9D7DAA624}.Release|Any CPU.Build.0 = Release|Any CPU
		{2C9C9465-25E4-4FBC-92F6-63DAE74F465D}.Debug|Any CPU.ActiveCfg = Debug|Any CPU
		{2C9C9465-25E4-4FBC-92F6-63DAE74F465D}.Debug|Any CPU.Build.0 = Debug|Any CPU
		{2C9C9465-25E4-4FBC-92F6-63DAE74F465D}.Release|Any CPU.ActiveCfg = Release|Any CPU
		{2C9C9465-25E4-4FBC-92F6-63DAE74F465D}.Release|Any CPU.Build.0 = Release|Any CPU
		{C67E4937-BC11-455C-A32B-B8F388EAE7D4}.Debug|Any CPU.ActiveCfg = Debug|Any CPU
		{C67E4937-BC11-455C-A32B-B8F388EAE7D4}.Debug|Any CPU.Build.0 = Debug|Any CPU
		{C67E4937-BC11-455C-A32B-B8F388EAE7D4}.Release|Any CPU.ActiveCfg = Release|Any CPU
		{C67E4937-BC11-455C-A32B-B8F388EAE7D4}.Release|Any CPU.Build.0 = Release|Any CPU
		{7DC93E51-FC30-4A97-A07A-85BC43B1CF7E}.Debug|Any CPU.ActiveCfg = Debug|Any CPU
		{7DC93E51-FC30-4A97-A07A-85BC43B1CF7E}.Debug|Any CPU.Build.0 = Debug|Any CPU
		{7DC93E51-FC30-4A97-A07A-85BC43B1CF7E}.Release|Any CPU.ActiveCfg = Release|Any CPU
		{7DC93E51-FC30-4A97-A07A-85BC43B1CF7E}.Release|Any CPU.Build.0 = Release|Any CPU
		{9B7674E4-4F8A-41DA-A0EA-CAF0CCC59311}.Debug|Any CPU.ActiveCfg = Debug|Any CPU
		{9B7674E4-4F8A-41DA-A0EA-CAF0CCC59311}.Debug|Any CPU.Build.0 = Debug|Any CPU
		{9B7674E4-4F8A-41DA-A0EA-CAF0CCC59311}.Release|Any CPU.ActiveCfg = Release|Any CPU
		{9B7674E4-4F8A-41DA-A0EA-CAF0CCC59311}.Release|Any CPU.Build.0 = Release|Any CPU
		{6D9FBAB4-E5EA-4491-8670-BA4CDB8001E9}.Debug|Any CPU.ActiveCfg = Debug|Any CPU
		{6D9FBAB4-E5EA-4491-8670-BA4CDB8001E9}.Debug|Any CPU.Build.0 = Debug|Any CPU
		{6D9FBAB4-E5EA-4491-8670-BA4CDB8001E9}.Release|Any CPU.ActiveCfg = Release|Any CPU
		{6D9FBAB4-E5EA-4491-8670-BA4CDB8001E9}.Release|Any CPU.Build.0 = Release|Any CPU
		{4E554EAE-9985-43CC-B1B2-E8990C6A5F34}.Debug|Any CPU.ActiveCfg = Debug|Any CPU
		{4E554EAE-9985-43CC-B1B2-E8990C6A5F34}.Debug|Any CPU.Build.0 = Debug|Any CPU
		{4E554EAE-9985-43CC-B1B2-E8990C6A5F34}.Release|Any CPU.ActiveCfg = Release|Any CPU
		{4E554EAE-9985-43CC-B1B2-E8990C6A5F34}.Release|Any CPU.Build.0 = Release|Any CPU
	EndGlobalSection
	GlobalSection(SolutionProperties) = preSolution
		HideSolutionNode = FALSE
	EndGlobalSection
	GlobalSection(ExtensibilityGlobals) = postSolution
		SolutionGuid = {1EA4EE8F-DC8C-448C-B983-22C0C47B5917}
	EndGlobalSection
EndGlobal
